
Microsoft Visual Studio Solution File, Format Version 12.00
# Visual Studio Version 16
VisualStudioVersion = 16.0.810.1
MinimumVisualStudioVersion = 10.0.40219.1
Project("{FAE04EC0-301F-11D3-BF4B-00C04F79EFBC}") = "NuGetPublisher", "NuGetPublisher\NuGetPublisher.csproj", "{26E37F6D-E163-4FFA-BE5A-70B093DFD3BF}"
EndProject
Global
	GlobalSection(SolutionConfigurationPlatforms) = preSolution
		Debug|Any CPU = Debug|Any CPU
		Release|Any CPU = Release|Any CPU
	EndGlobalSection
	GlobalSection(ProjectConfigurationPlatforms) = postSolution
		{26E37F6D-E163-4FFA-BE5A-70B093DFD3BF}.Debug|Any CPU.ActiveCfg = Debug|Any CPU
		{26E37F6D-E163-4FFA-BE5A-70B093DFD3BF}.Debug|Any CPU.Build.0 = Debug|Any CPU
		{26E37F6D-E163-4FFA-BE5A-70B093DFD3BF}.Release|Any CPU.ActiveCfg = Release|Any CPU
		{26E37F6D-E163-4FFA-BE5A-70B093DFD3BF}.Release|Any CPU.Build.0 = Release|Any CPU
	EndGlobalSection
	GlobalSection(SolutionProperties) = preSolution
		HideSolutionNode = FALSE
	EndGlobalSection
	GlobalSection(ExtensibilityGlobals) = postSolution
		SolutionGuid = {FBDB298F-B6A5-4162-8ABE-0B668BC92DC2}
	EndGlobalSection
EndGlobal
